
Microsoft Visual Studio Solution File, Format Version 12.00
# Visual Studio Version 16
VisualStudioVersion = 16.0.31205.134
MinimumVisualStudioVersion = 10.0.40219.1
Project("{FAE04EC0-301F-11D3-BF4B-00C04F79EFBC}") = "Inventory Management System (BFM1)", "Inventory Management System (BFM1)\Inventory Management System (BFM1).csproj", "{14544DEC-3B02-4CCE-A8CF-35102C1F145F}"
EndProject
Global
	GlobalSection(SolutionConfigurationPlatforms) = preSolution
		Debug|Any CPU = Debug|Any CPU
		Release|Any CPU = Release|Any CPU
	EndGlobalSection
	GlobalSection(ProjectConfigurationPlatforms) = postSolution
		{14544DEC-3B02-4CCE-A8CF-35102C1F145F}.Debug|Any CPU.ActiveCfg = Debug|Any CPU
		{14544DEC-3B02-4CCE-A8CF-35102C1F145F}.Debug|Any CPU.Build.0 = Debug|Any CPU
		{14544DEC-3B02-4CCE-A8CF-35102C1F145F}.Release|Any CPU.ActiveCfg = Release|Any CPU
		{14544DEC-3B02-4CCE-A8CF-35102C1F145F}.Release|Any CPU.Build.0 = Release|Any CPU
	EndGlobalSection
	GlobalSection(SolutionProperties) = preSolution
		HideSolutionNode = FALSE
	EndGlobalSection
	GlobalSection(ExtensibilityGlobals) = postSolution
		SolutionGuid = {CBF7BC6E-F1FF-4890-AB28-79363C7CE063}
	EndGlobalSection
EndGlobal
